
Microsoft Visual Studio Solution File, Format Version 12.00
# Visual Studio Version 16
VisualStudioVersion = 16.0.29519.87
MinimumVisualStudioVersion = 10.0.40219.1
Project("{FAE04EC0-301F-11D3-BF4B-00C04F79EFBC}") = "Metrics", "Metrics\Metrics.csproj", "{92B12289-C23C-4E14-AD15-F5253BD45517}"
EndProject
Global
	GlobalSection(SolutionConfigurationPlatforms) = preSolution
		Debug|Any CPU = Debug|Any CPU
		Release|Any CPU = Release|Any CPU
	EndGlobalSection
	GlobalSection(ProjectConfigurationPlatforms) = postSolution
		{92B12289-C23C-4E14-AD15-F5253BD45517}.Debug|Any CPU.ActiveCfg = Debug|Any CPU
		{92B12289-C23C-4E14-AD15-F5253BD45517}.Debug|Any CPU.Build.0 = Debug|Any CPU
		{92B12289-C23C-4E14-AD15-F5253BD45517}.Release|Any CPU.ActiveCfg = Release|Any CPU
		{92B12289-C23C-4E14-AD15-F5253BD45517}.Release|Any CPU.Build.0 = Release|Any CPU
	EndGlobalSection
	GlobalSection(SolutionProperties) = preSolution
		HideSolutionNode = FALSE
	EndGlobalSection
	GlobalSection(ExtensibilityGlobals) = postSolution
		SolutionGuid = {4226B576-D6FE-40C8-BE7F-D2C122A0AC4E}
	EndGlobalSection
EndGlobal
